
Microsoft Visual Studio Solution File, Format Version 12.00
# Visual Studio 15
VisualStudioVersion = 15.0.28010.2046
MinimumVisualStudioVersion = 10.0.40219.1
Project("{FAE04EC0-301F-11D3-BF4B-00C04F79EFBC}") = "WebApplication1", "WebApplication1\WebApplication1.csproj", "{A347841D-4262-4058-9EA2-4C1C9CF1FE7C}"
EndProject
Global
	GlobalSection(SolutionConfigurationPlatforms) = preSolution
		Debug|Any CPU = Debug|Any CPU
		Release|Any CPU = Release|Any CPU
	EndGlobalSection
	GlobalSection(ProjectConfigurationPlatforms) = postSolution
		{A347841D-4262-4058-9EA2-4C1C9CF1FE7C}.Debug|Any CPU.ActiveCfg = Debug|Any CPU
		{A347841D-4262-4058-9EA2-4C1C9CF1FE7C}.Debug|Any CPU.Build.0 = Debug|Any CPU
		{A347841D-4262-4058-9EA2-4C1C9CF1FE7C}.Release|Any CPU.ActiveCfg = Release|Any CPU
		{A347841D-4262-4058-9EA2-4C1C9CF1FE7C}.Release|Any CPU.Build.0 = Release|Any CPU
	EndGlobalSection
	GlobalSection(SolutionProperties) = preSolution
		HideSolutionNode = FALSE
	EndGlobalSection
	GlobalSection(ExtensibilityGlobals) = postSolution
		SolutionGuid = {7B9475C3-361F-4D08-853F-0B89F0A311A2}
	EndGlobalSection
EndGlobal
